
Microsoft Visual Studio Solution File, Format Version 12.00
# Visual Studio Version 17
VisualStudioVersion = 17.14.36408.4 d17.14
MinimumVisualStudioVersion = 10.0.40219.1
Project("{8BC9CEB8-8B4A-11D0-8D11-00A0C91BC942}") = "TL2", "TL2.vcxproj", "{FB9C9C1C-ED87-4E66-A4D6-788E4353BAEA}"
EndProject
Global
	GlobalSection(SolutionConfigurationPlatforms) = preSolution
		Debug|x64 = Debug|x64
		Debug|x86 = Debug|x86
		Release|x64 = Release|x64
		Release|x86 = Release|x86
	EndGlobalSection
	GlobalSection(ProjectConfigurationPlatforms) = postSolution
		{FB9C9C1C-ED87-4E66-A4D6-788E4353BAEA}.Debug|x64.ActiveCfg = Debug|x64
		{FB9C9C1C-ED87-4E66-A4D6-788E4353BAEA}.Debug|x64.Build.0 = Debug|x64
		{FB9C9C1C-ED87-4E66-A4D6-788E4353BAEA}.Debug|x86.ActiveCfg = Debug|Win32
		{FB9C9C1C-ED87-4E66-A4D6-788E4353BAEA}.Debug|x86.Build.0 = Debug|Win32
		{FB9C9C1C-ED87-4E66-A4D6-788E4353BAEA}.Release|x64.ActiveCfg = Release|x64
		{FB9C9C1C-ED87-4E66-A4D6-788E4353BAEA}.Release|x64.Build.0 = Release|x64
		{FB9C9C1C-ED87-4E66-A4D6-788E4353BAEA}.Release|x86.ActiveCfg = Release|Win32
		{FB9C9C1C-ED87-4E66-A4D6-788E4353BAEA}.Release|x86.Build.0 = Release|Win32
	EndGlobalSection
	GlobalSection(SolutionProperties) = preSolution
		HideSolutionNode = FALSE
	EndGlobalSection
	GlobalSection(ExtensibilityGlobals) = postSolution
		SolutionGuid = {3F80E045-4172-4F9E-A37D-039F530C28D8}
	EndGlobalSection
EndGlobal
